
Microsoft Visual Studio Solution File, Format Version 12.00
# Visual Studio Version 16
VisualStudioVersion = 16.0.31624.102
MinimumVisualStudioVersion = 10.0.40219.1
Project("{FAE04EC0-301F-11D3-BF4B-00C04F79EFBC}") = "Questionados.Net", "Questionados.Net.csproj", "{F1DD3F96-8A12-4488-908E-7F5E923EA7DE}"
EndProject
Global
	GlobalSection(SolutionConfigurationPlatforms) = preSolution
		Debug|Any CPU = Debug|Any CPU
		Release|Any CPU = Release|Any CPU
	EndGlobalSection
	GlobalSection(ProjectConfigurationPlatforms) = postSolution
		{F1DD3F96-8A12-4488-908E-7F5E923EA7DE}.Debug|Any CPU.ActiveCfg = Debug|Any CPU
		{F1DD3F96-8A12-4488-908E-7F5E923EA7DE}.Debug|Any CPU.Build.0 = Debug|Any CPU
		{F1DD3F96-8A12-4488-908E-7F5E923EA7DE}.Release|Any CPU.ActiveCfg = Release|Any CPU
		{F1DD3F96-8A12-4488-908E-7F5E923EA7DE}.Release|Any CPU.Build.0 = Release|Any CPU
	EndGlobalSection
	GlobalSection(SolutionProperties) = preSolution
		HideSolutionNode = FALSE
	EndGlobalSection
	GlobalSection(ExtensibilityGlobals) = postSolution
		SolutionGuid = {83DB2E69-CECD-43B4-987A-7D458AD60B48}
	EndGlobalSection
EndGlobal
